
Microsoft Visual Studio Solution File, Format Version 12.00
# Visual Studio 15
VisualStudioVersion = 15.0.28010.2026
MinimumVisualStudioVersion = 10.0.40219.1
Project("{8BC9CEB8-8B4A-11D0-8D11-00A0C91BC942}") = "@fideCpp2017Sln", "@fideCpp2017Sln\@fideCpp2017Sln.vcxproj", "{00B971E0-814B-411C-825E-E32BF2ACB204}"
EndProject
Project("{8BC9CEB8-8B4A-11D0-8D11-00A0C91BC942}") = "UnitTestPro", "UnitTestPro\UnitTestPro.vcxproj", "{A7B4DB3C-0EBC-4DBF-91BD-49D593AD4FEC}"
EndProject
Project("{8BC9CEB8-8B4A-11D0-8D11-00A0C91BC942}") = "fideHsm", "fideHsm\fideHsm.vcxproj", "{6D85B6B0-4402-4763-8D2E-0EA73DDD59F5}"
EndProject
Project("{8BC9CEB8-8B4A-11D0-8D11-00A0C91BC942}") = "DebugLog", "DebugLog\DebugLog.vcxproj", "{B690F55E-6C89-475D-B831-16D597B7F3BC}"
EndProject
Project("{8BC9CEB8-8B4A-11D0-8D11-00A0C91BC942}") = "fideexperment", "fideexperment\fideexperment.vcxproj", "{4534B7EE-5F7F-4A10-846B-DCBAFCEC59E3}"
EndProject
Project("{8BC9CEB8-8B4A-11D0-8D11-00A0C91BC942}") = "agent_code_test", "agent_code_test\agent_code_test.vcxproj", "{082960D1-FE6A-4649-9C06-5A202B59F72A}"
EndProject
Project("{8BC9CEB8-8B4A-11D0-8D11-00A0C91BC942}") = "agencode_test2", "agencode_test2\agencode_test2.vcxproj", "{A65FAC7F-8562-4A54-970D-7F823A9C4913}"
EndProject
Project("{8BC9CEB8-8B4A-11D0-8D11-00A0C91BC942}") = "Project_1", "Project_1\Project_1.vcxproj", "{95CBF705-1DAC-45C9-99E5-C807A9314F62}"
EndProject
Project("{8BC9CEB8-8B4A-11D0-8D11-00A0C91BC942}") = "testapp", "testapp\testapp.vcxproj", "{1C4753B8-024C-4FFA-9808-329D0560A651}"
EndProject
Project("{8BC9CEB8-8B4A-11D0-8D11-00A0C91BC942}") = "NewStuff", "..\..\cpp-updating-legacy-code\07\demos\Demos\After\NewStuff\NewStuff\NewStuff.vcxproj", "{071E2ED6-BBF9-4B51-A02A-701E4AF460AB}"
EndProject
Global
	GlobalSection(SolutionConfigurationPlatforms) = preSolution
		Debug|x64 = Debug|x64
		Debug|x86 = Debug|x86
		Release|x64 = Release|x64
		Release|x86 = Release|x86
	EndGlobalSection
	GlobalSection(ProjectConfigurationPlatforms) = postSolution
		{00B971E0-814B-411C-825E-E32BF2ACB204}.Debug|x64.ActiveCfg = Debug|x64
		{00B971E0-814B-411C-825E-E32BF2ACB204}.Debug|x64.Build.0 = Debug|x64
		{00B971E0-814B-411C-825E-E32BF2ACB204}.Debug|x86.ActiveCfg = Debug|Win32
		{00B971E0-814B-411C-825E-E32BF2ACB204}.Debug|x86.Build.0 = Debug|Win32
		{00B971E0-814B-411C-825E-E32BF2ACB204}.Release|x64.ActiveCfg = Release|x64
		{00B971E0-814B-411C-825E-E32BF2ACB204}.Release|x64.Build.0 = Release|x64
		{00B971E0-814B-411C-825E-E32BF2ACB204}.Release|x86.ActiveCfg = Release|Win32
		{00B971E0-814B-411C-825E-E32BF2ACB204}.Release|x86.Build.0 = Release|Win32
		{A7B4DB3C-0EBC-4DBF-91BD-49D593AD4FEC}.Debug|x64.ActiveCfg = Debug|x64
		{A7B4DB3C-0EBC-4DBF-91BD-49D593AD4FEC}.Debug|x64.Build.0 = Debug|x64
		{A7B4DB3C-0EBC-4DBF-91BD-49D593AD4FEC}.Debug|x86.ActiveCfg = Debug|Win32
		{A7B4DB3C-0EBC-4DBF-91BD-49D593AD4FEC}.Debug|x86.Build.0 = Debug|Win32
		{A7B4DB3C-0EBC-4DBF-91BD-49D593AD4FEC}.Release|x64.ActiveCfg = Release|x64
		{A7B4DB3C-0EBC-4DBF-91BD-49D593AD4FEC}.Release|x64.Build.0 = Release|x64
		{A7B4DB3C-0EBC-4DBF-91BD-49D593AD4FEC}.Release|x86.ActiveCfg = Release|Win32
		{A7B4DB3C-0EBC-4DBF-91BD-49D593AD4FEC}.Release|x86.Build.0 = Release|Win32
		{6D85B6B0-4402-4763-8D2E-0EA73DDD59F5}.Debug|x64.ActiveCfg = Debug|x64
		{6D85B6B0-4402-4763-8D2E-0EA73DDD59F5}.Debug|x64.Build.0 = Debug|x64
		{6D85B6B0-4402-4763-8D2E-0EA73DDD59F5}.Debug|x86.ActiveCfg = Debug|Win32
		{6D85B6B0-4402-4763-8D2E-0EA73DDD59F5}.Debug|x86.Build.0 = Debug|Win32
		{6D85B6B0-4402-4763-8D2E-0EA73DDD59F5}.Release|x64.ActiveCfg = Release|x64
		{6D85B6B0-4402-4763-8D2E-0EA73DDD59F5}.Release|x64.Build.0 = Release|x64
		{6D85B6B0-4402-4763-8D2E-0EA73DDD59F5}.Release|x86.ActiveCfg = Release|Win32
		{6D85B6B0-4402-4763-8D2E-0EA73DDD59F5}.Release|x86.Build.0 = Release|Win32
		{B690F55E-6C89-475D-B831-16D597B7F3BC}.Debug|x64.ActiveCfg = Debug|x64
		{B690F55E-6C89-475D-B831-16D597B7F3BC}.Debug|x64.Build.0 = Debug|x64
		{B690F55E-6C89-475D-B831-16D597B7F3BC}.Debug|x86.ActiveCfg = Debug|Win32
		{B690F55E-6C89-475D-B831-16D597B7F3BC}.Debug|x86.Build.0 = Debug|Win32
		{B690F55E-6C89-475D-B831-16D597B7F3BC}.Release|x64.ActiveCfg = Release|x64
		{B690F55E-6C89-475D-B831-16D597B7F3BC}.Release|x64.Build.0 = Release|x64
		{B690F55E-6C89-475D-B831-16D597B7F3BC}.Release|x86.ActiveCfg = Release|Win32
		{B690F55E-6C89-475D-B831-16D597B7F3BC}.Release|x86.Build.0 = Release|Win32
		{4534B7EE-5F7F-4A10-846B-DCBAFCEC59E3}.Debug|x64.ActiveCfg = Debug|x64
		{4534B7EE-5F7F-4A10-846B-DCBAFCEC59E3}.Debug|x64.Build.0 = Debug|x64
		{4534B7EE-5F7F-4A10-846B-DCBAFCEC59E3}.Debug|x86.ActiveCfg = Debug|Win32
		{4534B7EE-5F7F-4A10-846B-DCBAFCEC59E3}.Debug|x86.Build.0 = Debug|Win32
		{4534B7EE-5F7F-4A10-846B-DCBAFCEC59E3}.Release|x64.ActiveCfg = Release|x64
		{4534B7EE-5F7F-4A10-846B-DCBAFCEC59E3}.Release|x64.Build.0 = Release|x64
		{4534B7EE-5F7F-4A10-846B-DCBAFCEC59E3}.Release|x86.ActiveCfg = Release|Win32
		{4534B7EE-5F7F-4A10-846B-DCBAFCEC59E3}.Release|x86.Build.0 = Release|Win32
		{082960D1-FE6A-4649-9C06-5A202B59F72A}.Debug|x64.ActiveCfg = Debug|x64
		{082960D1-FE6A-4649-9C06-5A202B59F72A}.Debug|x64.Build.0 = Debug|x64
		{082960D1-FE6A-4649-9C06-5A202B59F72A}.Debug|x86.ActiveCfg = Debug|Win32
		{082960D1-FE6A-4649-9C06-5A202B59F72A}.Debug|x86.Build.0 = Debug|Win32
		{082960D1-FE6A-4649-9C06-5A202B59F72A}.Release|x64.ActiveCfg = Release|x64
		{082960D1-FE6A-4649-9C06-5A202B59F72A}.Release|x64.Build.0 = Release|x64
		{082960D1-FE6A-4649-9C06-5A202B59F72A}.Release|x86.ActiveCfg = Release|Win32
		{082960D1-FE6A-4649-9C06-5A202B59F72A}.Release|x86.Build.0 = Release|Win32
		{A65FAC7F-8562-4A54-970D-7F823A9C4913}.Debug|x64.ActiveCfg = Debug|x64
		{A65FAC7F-8562-4A54-970D-7F823A9C4913}.Debug|x64.Build.0 = Debug|x64
		{A65FAC7F-8562-4A54-970D-7F823A9C4913}.Debug|x86.ActiveCfg = Debug|Win32
		{A65FAC7F-8562-4A54-970D-7F823A9C4913}.Debug|x86.Build.0 = Debug|Win32
		{A65FAC7F-8562-4A54-970D-7F823A9C4913}.Release|x64.ActiveCfg = Release|x64
		{A65FAC7F-8562-4A54-970D-7F823A9C4913}.Release|x64.Build.0 = Release|x64
		{A65FAC7F-8562-4A54-970D-7F823A9C4913}.Release|x86.ActiveCfg = Release|Win32
		{A65FAC7F-8562-4A54-970D-7F823A9C4913}.Release|x86.Build.0 = Release|Win32
		{95CBF705-1DAC-45C9-99E5-C807A9314F62}.Debug|x64.ActiveCfg = Debug|x64
		{95CBF705-1DAC-45C9-99E5-C807A9314F62}.Debug|x64.Build.0 = Debug|x64
		{95CBF705-1DAC-45C9-99E5-C807A9314F62}.Debug|x86.ActiveCfg = Debug|Win32
		{95CBF705-1DAC-45C9-99E5-C807A9314F62}.Debug|x86.Build.0 = Debug|Win32
		{95CBF705-1DAC-45C9-99E5-C807A9314F62}.Release|x64.ActiveCfg = Release|x64
		{95CBF705-1DAC-45C9-99E5-C807A9314F62}.Release|x64.Build.0 = Release|x64
		{95CBF705-1DAC-45C9-99E5-C807A9314F62}.Release|x86.ActiveCfg = Release|Win32
		{95CBF705-1DAC-45C9-99E5-C807A9314F62}.Release|x86.Build.0 = Release|Win32
		{1C4753B8-024C-4FFA-9808-329D0560A651}.Debug|x64.ActiveCfg = Debug|x64
		{1C4753B8-024C-4FFA-9808-329D0560A651}.Debug|x64.Build.0 = Debug|x64
		{1C4753B8-024C-4FFA-9808-329D0560A651}.Debug|x86.ActiveCfg = Debug|Win32
		{1C4753B8-024C-4FFA-9808-329D0560A651}.Debug|x86.Build.0 = Debug|Win32
		{1C4753B8-024C-4FFA-9808-329D0560A651}.Release|x64.ActiveCfg = Release|x64
		{1C4753B8-024C-4FFA-9808-329D0560A651}.Release|x64.Build.0 = Release|x64
		{1C4753B8-024C-4FFA-9808-329D0560A651}.Release|x86.ActiveCfg = Release|Win32
		{1C4753B8-024C-4FFA-9808-329D0560A651}.Release|x86.Build.0 = Release|Win32
		{071E2ED6-BBF9-4B51-A02A-701E4AF460AB}.Debug|x64.ActiveCfg = Debug|x64
		{071E2ED6-BBF9-4B51-A02A-701E4AF460AB}.Debug|x64.Build.0 = Debug|x64
		{071E2ED6-BBF9-4B51-A02A-701E4AF460AB}.Debug|x86.ActiveCfg = Debug|Win32
		{071E2ED6-BBF9-4B51-A02A-701E4AF460AB}.Debug|x86.Build.0 = Debug|Win32
		{071E2ED6-BBF9-4B51-A02A-701E4AF460AB}.Release|x64.ActiveCfg = Release|x64
		{071E2ED6-BBF9-4B51-A02A-701E4AF460AB}.Release|x64.Build.0 = Release|x64
		{071E2ED6-BBF9-4B51-A02A-701E4AF460AB}.Release|x86.ActiveCfg = Release|Win32
		{071E2ED6-BBF9-4B51-A02A-701E4AF460AB}.Release|x86.Build.0 = Release|Win32
	EndGlobalSection
	GlobalSection(SolutionProperties) = preSolution
		HideSolutionNode = FALSE
	EndGlobalSection
	GlobalSection(ExtensibilityGlobals) = postSolution
		SolutionGuid = {97E17553-C21D-4AFC-96F0-74C28FAA5A93}
	EndGlobalSection
EndGlobal
